// !$*UTF8*$!
{
	archiveVersion = 1;
	classes = {
	};
	objectVersion = 46;
	objects = {

/* Begin PBXBuildFile section */
		541E4ADF16B5C0A600091CCA /* options.cpp in Sources */ = {isa = PBXBuildFile; fileRef = 541E4ADD16B5C0A600091CCA /* options.cpp */; };
		541E4AEB16B6344500091CCA /* gstcv.cpp in Sources */ = {isa = PBXBuildFile; fileRef = 541E4AE916B6344500091CCA /* gstcv.cpp */; };
		541E4AFD16B64BE400091CCA /* libopencv_calib3d.2.4.3.dylib in Frameworks */ = {isa = PBXBuildFile; fileRef = 541E4AEC16B64BE300091CCA /* libopencv_calib3d.2.4.3.dylib */; };
		541E4AFE16B64BE400091CCA /* libopencv_contrib.2.4.3.dylib in Frameworks */ = {isa = PBXBuildFile; fileRef = 541E4AED16B64BE300091CCA /* libopencv_contrib.2.4.3.dylib */; };
		541E4AFF16B64BE400091CCA /* libopencv_core.2.4.3.dylib in Frameworks */ = {isa = PBXBuildFile; fileRef = 541E4AEE16B64BE300091CCA /* libopencv_core.2.4.3.dylib */; };
		541E4B0016B64BE400091CCA /* libopencv_features2d.2.4.3.dylib in Frameworks */ = {isa = PBXBuildFile; fileRef = 541E4AEF16B64BE300091CCA /* libopencv_features2d.2.4.3.dylib */; };
		541E4B0116B64BE400091CCA /* libopencv_flann.2.4.3.dylib in Frameworks */ = {isa = PBXBuildFile; fileRef = 541E4AF016B64BE400091CCA /* libopencv_flann.2.4.3.dylib */; };
		541E4B0216B64BE400091CCA /* libopencv_gpu.2.4.3.dylib in Frameworks */ = {isa = PBXBuildFile; fileRef = 541E4AF116B64BE400091CCA /* libopencv_gpu.2.4.3.dylib */; };
		541E4B0316B64BE400091CCA /* libopencv_highgui.2.4.3.dylib in Frameworks */ = {isa = PBXBuildFile; fileRef = 541E4AF216B64BE400091CCA /* libopencv_highgui.2.4.3.dylib */; };
		541E4B0416B64BE400091CCA /* libopencv_imgproc.2.4.3.dylib in Frameworks */ = {isa = PBXBuildFile; fileRef = 541E4AF316B64BE400091CCA /* libopencv_imgproc.2.4.3.dylib */; };
		541E4B0516B64BE400091CCA /* libopencv_legacy.2.4.3.dylib in Frameworks */ = {isa = PBXBuildFile; fileRef = 541E4AF416B64BE400091CCA /* libopencv_legacy.2.4.3.dylib */; };
		541E4B0616B64BE400091CCA /* libopencv_ml.2.4.3.dylib in Frameworks */ = {isa = PBXBuildFile; fileRef = 541E4AF516B64BE400091CCA /* libopencv_ml.2.4.3.dylib */; };
		541E4B0716B64BE400091CCA /* libopencv_nonfree.2.4.3.dylib in Frameworks */ = {isa = PBXBuildFile; fileRef = 541E4AF616B64BE400091CCA /* libopencv_nonfree.2.4.3.dylib */; };
		541E4B0816B64BE400091CCA /* libopencv_objdetect.2.4.3.dylib in Frameworks */ = {isa = PBXBuildFile; fileRef = 541E4AF716B64BE400091CCA /* libopencv_objdetect.2.4.3.dylib */; };
		541E4B0916B64BE400091CCA /* libopencv_photo.2.4.3.dylib in Frameworks */ = {isa = PBXBuildFile; fileRef = 541E4AF816B64BE400091CCA /* libopencv_photo.2.4.3.dylib */; };
		541E4B0A16B64BE400091CCA /* libopencv_stitching.2.4.3.dylib in Frameworks */ = {isa = PBXBuildFile; fileRef = 541E4AF916B64BE400091CCA /* libopencv_stitching.2.4.3.dylib */; };
		541E4B0B16B64BE400091CCA /* libopencv_ts.2.4.3.dylib in Frameworks */ = {isa = PBXBuildFile; fileRef = 541E4AFA16B64BE400091CCA /* libopencv_ts.2.4.3.dylib */; };
		541E4B0C16B64BE400091CCA /* libopencv_video.2.4.3.dylib in Frameworks */ = {isa = PBXBuildFile; fileRef = 541E4AFB16B64BE400091CCA /* libopencv_video.2.4.3.dylib */; };
		541E4B0D16B64BE400091CCA /* libopencv_videostab.2.4.3.dylib in Frameworks */ = {isa = PBXBuildFile; fileRef = 541E4AFC16B64BE400091CCA /* libopencv_videostab.2.4.3.dylib */; };
		54891E4916B22E1C004C9D59 /* gst_appsrc.cpp in Sources */ = {isa = PBXBuildFile; fileRef = 54891E4816B22E1C004C9D59 /* gst_appsrc.cpp */; };
		54891E5416B253E0004C9D59 /* libgobject-2.0.a in Frameworks */ = {isa = PBXBuildFile; fileRef = 54891E4E16B253E0004C9D59 /* libgobject-2.0.a */; };
		54891E5516B253E0004C9D59 /* libgstreamer-0.10.a in Frameworks */ = {isa = PBXBuildFile; fileRef = 54891E4F16B253E0004C9D59 /* libgstreamer-0.10.a */; };
		54891E5616B253E0004C9D59 /* libgthread-2.0.a in Frameworks */ = {isa = PBXBuildFile; fileRef = 54891E5016B253E0004C9D59 /* libgthread-2.0.a */; };
		54891E5716B253E0004C9D59 /* libintl.a in Frameworks */ = {isa = PBXBuildFile; fileRef = 54891E5116B253E0004C9D59 /* libintl.a */; };
		54891E5816B253E0004C9D59 /* libxml2.a in Frameworks */ = {isa = PBXBuildFile; fileRef = 54891E5216B253E0004C9D59 /* libxml2.a */; };
		54891E5B16B256B3004C9D59 /* libgmodule-2.0.a in Frameworks */ = {isa = PBXBuildFile; fileRef = 54891E5A16B256B3004C9D59 /* libgmodule-2.0.a */; };
		54891E6A16B25F4A004C9D59 /* libglib-2.0.a in Frameworks */ = {isa = PBXBuildFile; fileRef = 54891E6916B25F4A004C9D59 /* libglib-2.0.a */; };
		54D9FCA616B44A9400533A5E /* libgstvideo-0.10.a in Frameworks */ = {isa = PBXBuildFile; fileRef = 54D9FCA516B44A9400533A5E /* libgstvideo-0.10.a */; };
		54D9FCA816B44BCB00533A5E /* libgstapp-0.10.0.dylib in Frameworks */ = {isa = PBXBuildFile; fileRef = 54D9FCA716B44BCB00533A5E /* libgstapp-0.10.0.dylib */; };
		54D9FCAA16B44E6900533A5E /* libgdk_pixbuf-2.0.0.dylib in Frameworks */ = {isa = PBXBuildFile; fileRef = 54D9FCA916B44E6900533A5E /* libgdk_pixbuf-2.0.0.dylib */; };
/* End PBXBuildFile section */

/* Begin PBXCopyFilesBuildPhase section */
		54891E3516B22C65004C9D59 /* CopyFiles */ = {
			isa = PBXCopyFilesBuildPhase;
			buildActionMask = 2147483647;
			dstPath = /usr/share/man/man1/;
			dstSubfolderSpec = 0;
			files = (
			);
			runOnlyForDeploymentPostprocessing = 1;
		};
/* End PBXCopyFilesBuildPhase section */

/* Begin PBXFileReference section */
		541E4ADD16B5C0A600091CCA /* options.cpp */ = {isa = PBXFileReference; fileEncoding = 4; lastKnownFileType = sourcecode.cpp.cpp; path = options.cpp; sourceTree = SOURCE_ROOT; };
		541E4ADE16B5C0A600091CCA /* options.h */ = {isa = PBXFileReference; fileEncoding = 4; lastKnownFileType = sourcecode.c.h; path = options.h; sourceTree = SOURCE_ROOT; };
		541E4AE916B6344500091CCA /* gstcv.cpp */ = {isa = PBXFileReference; fileEncoding = 4; lastKnownFileType = sourcecode.cpp.cpp; path = gstcv.cpp; sourceTree = SOURCE_ROOT; };
		541E4AEC16B64BE300091CCA /* libopencv_calib3d.2.4.3.dylib */ = {isa = PBXFileReference; lastKnownFileType = "compiled.mach-o.dylib"; name = libopencv_calib3d.2.4.3.dylib; path = /opt/local/lib/libopencv_calib3d.2.4.3.dylib; sourceTree = "<absolute>"; };
		541E4AED16B64BE300091CCA /* libopencv_contrib.2.4.3.dylib */ = {isa = PBXFileReference; lastKnownFileType = "compiled.mach-o.dylib"; name = libopencv_contrib.2.4.3.dylib; path = /opt/local/lib/libopencv_contrib.2.4.3.dylib; sourceTree = "<absolute>"; };
		541E4AEE16B64BE300091CCA /* libopencv_core.2.4.3.dylib */ = {isa = PBXFileReference; lastKnownFileType = "compiled.mach-o.dylib"; name = libopencv_core.2.4.3.dylib; path = /opt/local/lib/libopencv_core.2.4.3.dylib; sourceTree = "<absolute>"; };
		541E4AEF16B64BE300091CCA /* libopencv_features2d.2.4.3.dylib */ = {isa = PBXFileReference; lastKnownFileType = "compiled.mach-o.dylib"; name = libopencv_features2d.2.4.3.dylib; path = /opt/local/lib/libopencv_features2d.2.4.3.dylib; sourceTree = "<absolute>"; };
		541E4AF016B64BE400091CCA /* libopencv_flann.2.4.3.dylib */ = {isa = PBXFileReference; lastKnownFileType = "compiled.mach-o.dylib"; name = libopencv_flann.2.4.3.dylib; path = /opt/local/lib/libopencv_flann.2.4.3.dylib; sourceTree = "<absolute>"; };
		541E4AF116B64BE400091CCA /* libopencv_gpu.2.4.3.dylib */ = {isa = PBXFileReference; lastKnownFileType = "compiled.mach-o.dylib"; name = libopencv_gpu.2.4.3.dylib; path = /opt/local/lib/libopencv_gpu.2.4.3.dylib; sourceTree = "<absolute>"; };
		541E4AF216B64BE400091CCA /* libopencv_highgui.2.4.3.dylib */ = {isa = PBXFileReference; lastKnownFileType = "compiled.mach-o.dylib"; name = libopencv_highgui.2.4.3.dylib; path = /opt/local/lib/libopencv_highgui.2.4.3.dylib; sourceTree = "<absolute>"; };
		541E4AF316B64BE400091CCA /* libopencv_imgproc.2.4.3.dylib */ = {isa = PBXFileReference; lastKnownFileType = "compiled.mach-o.dylib"; name = libopencv_imgproc.2.4.3.dylib; path = /opt/local/lib/libopencv_imgproc.2.4.3.dylib; sourceTree = "<absolute>"; };
		541E4AF416B64BE400091CCA /* libopencv_legacy.2.4.3.dylib */ = {isa = PBXFileReference; lastKnownFileType = "compiled.mach-o.dylib"; name = libopencv_legacy.2.4.3.dylib; path = /opt/local/lib/libopencv_legacy.2.4.3.dylib; sourceTree = "<absolute>"; };
		541E4AF516B64BE400091CCA /* libopencv_ml.2.4.3.dylib */ = {isa = PBXFileReference; lastKnownFileType = "compiled.mach-o.dylib"; name = libopencv_ml.2.4.3.dylib; path = /opt/local/lib/libopencv_ml.2.4.3.dylib; sourceTree = "<absolute>"; };
		541E4AF616B64BE400091CCA /* libopencv_nonfree.2.4.3.dylib */ = {isa = PBXFileReference; lastKnownFileType = "compiled.mach-o.dylib"; name = libopencv_nonfree.2.4.3.dylib; path = /opt/local/lib/libopencv_nonfree.2.4.3.dylib; sourceTree = "<absolute>"; };
		541E4AF716B64BE400091CCA /* libopencv_objdetect.2.4.3.dylib */ = {isa = PBXFileReference; lastKnownFileType = "compiled.mach-o.dylib"; name = libopencv_objdetect.2.4.3.dylib; path = /opt/local/lib/libopencv_objdetect.2.4.3.dylib; sourceTree = "<absolute>"; };
		541E4AF816B64BE400091CCA /* libopencv_photo.2.4.3.dylib */ = {isa = PBXFileReference; lastKnownFileType = "compiled.mach-o.dylib"; name = libopencv_photo.2.4.3.dylib; path = /opt/local/lib/libopencv_photo.2.4.3.dylib; sourceTree = "<absolute>"; };
		541E4AF916B64BE400091CCA /* libopencv_stitching.2.4.3.dylib */ = {isa = PBXFileReference; lastKnownFileType = "compiled.mach-o.dylib"; name = libopencv_stitching.2.4.3.dylib; path = /opt/local/lib/libopencv_stitching.2.4.3.dylib; sourceTree = "<absolute>"; };
		541E4AFA16B64BE400091CCA /* libopencv_ts.2.4.3.dylib */ = {isa = PBXFileReference; lastKnownFileType = "compiled.mach-o.dylib"; name = libopencv_ts.2.4.3.dylib; path = /opt/local/lib/libopencv_ts.2.4.3.dylib; sourceTree = "<absolute>"; };
		541E4AFB16B64BE400091CCA /* libopencv_video.2.4.3.dylib */ = {isa = PBXFileReference; lastKnownFileType = "compiled.mach-o.dylib"; name = libopencv_video.2.4.3.dylib; path = /opt/local/lib/libopencv_video.2.4.3.dylib; sourceTree = "<absolute>"; };
		541E4AFC16B64BE400091CCA /* libopencv_videostab.2.4.3.dylib */ = {isa = PBXFileReference; lastKnownFileType = "compiled.mach-o.dylib"; name = libopencv_videostab.2.4.3.dylib; path = /opt/local/lib/libopencv_videostab.2.4.3.dylib; sourceTree = "<absolute>"; };
		54891E3716B22C65004C9D59 /* gst_appsrc */ = {isa = PBXFileReference; explicitFileType = "compiled.mach-o.executable"; includeInIndex = 0; path = gst_appsrc; sourceTree = BUILT_PRODUCTS_DIR; };
		54891E4816B22E1C004C9D59 /* gst_appsrc.cpp */ = {isa = PBXFileReference; fileEncoding = 4; lastKnownFileType = sourcecode.cpp.cpp; path = gst_appsrc.cpp; sourceTree = SOURCE_ROOT; };
		54891E4B16B22E36004C9D59 /* gst_appsrc.h */ = {isa = PBXFileReference; lastKnownFileType = sourcecode.c.h; path = gst_appsrc.h; sourceTree = SOURCE_ROOT; };
		54891E4E16B253E0004C9D59 /* libgobject-2.0.a */ = {isa = PBXFileReference; lastKnownFileType = archive.ar; name = "libgobject-2.0.a"; path = "/opt/local/lib/libgobject-2.0.a"; sourceTree = "<absolute>"; };
		54891E4F16B253E0004C9D59 /* libgstreamer-0.10.a */ = {isa = PBXFileReference; lastKnownFileType = archive.ar; name = "libgstreamer-0.10.a"; path = "/opt/local/lib/libgstreamer-0.10.a"; sourceTree = "<absolute>"; };
		54891E5016B253E0004C9D59 /* libgthread-2.0.a */ = {isa = PBXFileReference; lastKnownFileType = archive.ar; name = "libgthread-2.0.a"; path = "/opt/local/lib/libgthread-2.0.a"; sourceTree = "<absolute>"; };
		54891E5116B253E0004C9D59 /* libintl.a */ = {isa = PBXFileReference; lastKnownFileType = archive.ar; name = libintl.a; path = /opt/local/lib/libintl.a; sourceTree = "<absolute>"; };
		54891E5216B253E0004C9D59 /* libxml2.a */ = {isa = PBXFileReference; lastKnownFileType = archive.ar; name = libxml2.a; path = /opt/local/lib/libxml2.a; sourceTree = "<absolute>"; };
		54891E5A16B256B3004C9D59 /* libgmodule-2.0.a */ = {isa = PBXFileReference; lastKnownFileType = archive.ar; name = "libgmodule-2.0.a"; path = "/opt/local/lib/libgmodule-2.0.a"; sourceTree = "<absolute>"; };
		54891E6916B25F4A004C9D59 /* libglib-2.0.a */ = {isa = PBXFileReference; lastKnownFileType = archive.ar; name = "libglib-2.0.a"; path = "/opt/local/lib/libglib-2.0.a"; sourceTree = "<absolute>"; };
		54CD0EBA16BB847D0074457D /* gstcv.h */ = {isa = PBXFileReference; fileEncoding = 4; lastKnownFileType = sourcecode.c.h; path = gstcv.h; sourceTree = SOURCE_ROOT; };
		54D9FCA516B44A9400533A5E /* libgstvideo-0.10.a */ = {isa = PBXFileReference; lastKnownFileType = archive.ar; name = "libgstvideo-0.10.a"; path = "/opt/local/lib/libgstvideo-0.10.a"; sourceTree = "<absolute>"; };
		54D9FCA716B44BCB00533A5E /* libgstapp-0.10.0.dylib */ = {isa = PBXFileReference; lastKnownFileType = "compiled.mach-o.dylib"; name = "libgstapp-0.10.0.dylib"; path = "/opt/local/lib/libgstapp-0.10.0.dylib"; sourceTree = "<absolute>"; };
		54D9FCA916B44E6900533A5E /* libgdk_pixbuf-2.0.0.dylib */ = {isa = PBXFileReference; lastKnownFileType = "compiled.mach-o.dylib"; name = "libgdk_pixbuf-2.0.0.dylib"; path = "/opt/local/lib/libgdk_pixbuf-2.0.0.dylib"; sourceTree = "<absolute>"; };
/* End PBXFileReference section */

/* Begin PBXFrameworksBuildPhase section */
		54891E3416B22C65004C9D59 /* Frameworks */ = {
			isa = PBXFrameworksBuildPhase;
			buildActionMask = 2147483647;
			files = (
				541E4AFD16B64BE400091CCA /* libopencv_calib3d.2.4.3.dylib in Frameworks */,
				541E4AFE16B64BE400091CCA /* libopencv_contrib.2.4.3.dylib in Frameworks */,
				541E4AFF16B64BE400091CCA /* libopencv_core.2.4.3.dylib in Frameworks */,
				541E4B0016B64BE400091CCA /* libopencv_features2d.2.4.3.dylib in Frameworks */,
				541E4B0116B64BE400091CCA /* libopencv_flann.2.4.3.dylib in Frameworks */,
				541E4B0216B64BE400091CCA /* libopencv_gpu.2.4.3.dylib in Frameworks */,
				541E4B0316B64BE400091CCA /* libopencv_highgui.2.4.3.dylib in Frameworks */,
				541E4B0416B64BE400091CCA /* libopencv_imgproc.2.4.3.dylib in Frameworks */,
				541E4B0516B64BE400091CCA /* libopencv_legacy.2.4.3.dylib in Frameworks */,
				541E4B0616B64BE400091CCA /* libopencv_ml.2.4.3.dylib in Frameworks */,
				541E4B0716B64BE400091CCA /* libopencv_nonfree.2.4.3.dylib in Frameworks */,
				541E4B0816B64BE400091CCA /* libopencv_objdetect.2.4.3.dylib in Frameworks */,
				541E4B0916B64BE400091CCA /* libopencv_photo.2.4.3.dylib in Frameworks */,
				541E4B0A16B64BE400091CCA /* libopencv_stitching.2.4.3.dylib in Frameworks */,
				541E4B0B16B64BE400091CCA /* libopencv_ts.2.4.3.dylib in Frameworks */,
				541E4B0C16B64BE400091CCA /* libopencv_video.2.4.3.dylib in Frameworks */,
				541E4B0D16B64BE400091CCA /* libopencv_videostab.2.4.3.dylib in Frameworks */,
				54891E5516B253E0004C9D59 /* libgstreamer-0.10.a in Frameworks */,
				54D9FCA816B44BCB00533A5E /* libgstapp-0.10.0.dylib in Frameworks */,
				54D9FCA616B44A9400533A5E /* libgstvideo-0.10.a in Frameworks */,
				54891E5416B253E0004C9D59 /* libgobject-2.0.a in Frameworks */,
				54891E5B16B256B3004C9D59 /* libgmodule-2.0.a in Frameworks */,
				54891E5616B253E0004C9D59 /* libgthread-2.0.a in Frameworks */,
				54891E5816B253E0004C9D59 /* libxml2.a in Frameworks */,
				54891E6A16B25F4A004C9D59 /* libglib-2.0.a in Frameworks */,
				54D9FCAA16B44E6900533A5E /* libgdk_pixbuf-2.0.0.dylib in Frameworks */,
				54891E5716B253E0004C9D59 /* libintl.a in Frameworks */,
			);
			runOnlyForDeploymentPostprocessing = 0;
		};
/* End PBXFrameworksBuildPhase section */

/* Begin PBXGroup section */
		541E4AE516B60BC200091CCA /* gst */ = {
			isa = PBXGroup;
			children = (
				54D9FCA716B44BCB00533A5E /* libgstapp-0.10.0.dylib */,
				54D9FCA516B44A9400533A5E /* libgstvideo-0.10.a */,
				54891E4F16B253E0004C9D59 /* libgstreamer-0.10.a */,
			);
			name = gst;
			sourceTree = "<group>";
		};
		541E4AE716B60BE000091CCA /* glib */ = {
			isa = PBXGroup;
			children = (
				54891E6916B25F4A004C9D59 /* libglib-2.0.a */,
				54891E5A16B256B3004C9D59 /* libgmodule-2.0.a */,
				54891E4E16B253E0004C9D59 /* libgobject-2.0.a */,
				54891E5016B253E0004C9D59 /* libgthread-2.0.a */,
				54D9FCA916B44E6900533A5E /* libgdk_pixbuf-2.0.0.dylib */,
			);
			name = glib;
			sourceTree = "<group>";
		};
		541E4AE816B60BF500091CCA /* opencv */ = {
			isa = PBXGroup;
			children = (
				541E4AEC16B64BE300091CCA /* libopencv_calib3d.2.4.3.dylib */,
				541E4AED16B64BE300091CCA /* libopencv_contrib.2.4.3.dylib */,
				541E4AEE16B64BE300091CCA /* libopencv_core.2.4.3.dylib */,
				541E4AEF16B64BE300091CCA /* libopencv_features2d.2.4.3.dylib */,
				541E4AF016B64BE400091CCA /* libopencv_flann.2.4.3.dylib */,
				541E4AF116B64BE400091CCA /* libopencv_gpu.2.4.3.dylib */,
				541E4AF216B64BE400091CCA /* libopencv_highgui.2.4.3.dylib */,
				541E4AF316B64BE400091CCA /* libopencv_imgproc.2.4.3.dylib */,
				541E4AF416B64BE400091CCA /* libopencv_legacy.2.4.3.dylib */,
				541E4AF516B64BE400091CCA /* libopencv_ml.2.4.3.dylib */,
				541E4AF616B64BE400091CCA /* libopencv_nonfree.2.4.3.dylib */,
				541E4AF716B64BE400091CCA /* libopencv_objdetect.2.4.3.dylib */,
				541E4AF816B64BE400091CCA /* libopencv_photo.2.4.3.dylib */,
				541E4AF916B64BE400091CCA /* libopencv_stitching.2.4.3.dylib */,
				541E4AFA16B64BE400091CCA /* libopencv_ts.2.4.3.dylib */,
				541E4AFB16B64BE400091CCA /* libopencv_video.2.4.3.dylib */,
				541E4AFC16B64BE400091CCA /* libopencv_videostab.2.4.3.dylib */,
			);
			name = opencv;
			sourceTree = "<group>";
		};
		54891E2C16B22C65004C9D59 = {
			isa = PBXGroup;
			children = (
				54891E3A16B22C65004C9D59 /* gst_appsrc */,
				54891E3816B22C65004C9D59 /* Products */,
			);
			sourceTree = "<group>";
		};
		54891E3816B22C65004C9D59 /* Products */ = {
			isa = PBXGroup;
			children = (
				54891E3716B22C65004C9D59 /* gst_appsrc */,
			);
			name = Products;
			sourceTree = "<group>";
		};
		54891E3A16B22C65004C9D59 /* gst_appsrc */ = {
			isa = PBXGroup;
			children = (
				54891E4816B22E1C004C9D59 /* gst_appsrc.cpp */,
				54891E4B16B22E36004C9D59 /* gst_appsrc.h */,
				541E4ADE16B5C0A600091CCA /* options.h */,
				541E4ADD16B5C0A600091CCA /* options.cpp */,
				54CD0EBA16BB847D0074457D /* gstcv.h */,
				541E4AE916B6344500091CCA /* gstcv.cpp */,
				54891E5916B25402004C9D59 /* gstreamer */,
			);
			path = gst_appsrc;
			sourceTree = "<group>";
		};
		54891E5916B25402004C9D59 /* gstreamer */ = {
			isa = PBXGroup;
			children = (
				541E4AE816B60BF500091CCA /* opencv */,
				541E4AE716B60BE000091CCA /* glib */,
				541E4AE516B60BC200091CCA /* gst */,
				54891E5116B253E0004C9D59 /* libintl.a */,
				54891E5216B253E0004C9D59 /* libxml2.a */,
			);
			name = gstreamer;
			path = ..;
			sourceTree = "<group>";
		};
/* End PBXGroup section */

/* Begin PBXNativeTarget section */
		54891E3616B22C65004C9D59 /* gst_appsrc */ = {
			isa = PBXNativeTarget;
			buildConfigurationList = 54891E4116B22C65004C9D59 /* Build configuration list for PBXNativeTarget "gst_appsrc" */;
			buildPhases = (
				54891E3316B22C65004C9D59 /* Sources */,
				54891E3416B22C65004C9D59 /* Frameworks */,
				54891E3516B22C65004C9D59 /* CopyFiles */,
			);
			buildRules = (
			);
			dependencies = (
			);
			name = gst_appsrc;
			productName = gst_appsrc;
			productReference = 54891E3716B22C65004C9D59 /* gst_appsrc */;
			productType = "com.apple.product-type.tool";
		};
/* End PBXNativeTarget section */

/* Begin PBXProject section */
		54891E2E16B22C65004C9D59 /* Project object */ = {
			isa = PBXProject;
			attributes = {
				LastUpgradeCheck = 0450;
				ORGANIZATIONNAME = "Ting Cao";
			};
			buildConfigurationList = 54891E3116B22C65004C9D59 /* Build configuration list for PBXProject "gst_appsrc" */;
			compatibilityVersion = "Xcode 3.2";
			developmentRegion = English;
			hasScannedForEncodings = 0;
			knownRegions = (
				en,
			);
			mainGroup = 54891E2C16B22C65004C9D59;
			productRefGroup = 54891E3816B22C65004C9D59 /* Products */;
			projectDirPath = "";
			projectRoot = "";
			targets = (
				54891E3616B22C65004C9D59 /* gst_appsrc */,
			);
		};
/* End PBXProject section */

/* Begin PBXSourcesBuildPhase section */
		54891E3316B22C65004C9D59 /* Sources */ = {
			isa = PBXSourcesBuildPhase;
			buildActionMask = 2147483647;
			files = (
				54891E4916B22E1C004C9D59 /* gst_appsrc.cpp in Sources */,
				541E4ADF16B5C0A600091CCA /* options.cpp in Sources */,
				541E4AEB16B6344500091CCA /* gstcv.cpp in Sources */,
			);
			runOnlyForDeploymentPostprocessing = 0;
		};
/* End PBXSourcesBuildPhase section */

/* Begin XCBuildConfiguration section */
		54891E3F16B22C65004C9D59 /* Debug */ = {
			isa = XCBuildConfiguration;
			buildSettings = {
				ALWAYS_SEARCH_USER_PATHS = NO;
				ARCHS = "$(ARCHS_STANDARD_64_BIT)";
				CLANG_CXX_LANGUAGE_STANDARD = "gnu++0x";
				CLANG_CXX_LIBRARY = "libc++";
				CLANG_WARN_EMPTY_BODY = YES;
				CLANG_WARN__DUPLICATE_METHOD_MATCH = YES;
				COPY_PHASE_STRIP = NO;
				GCC_C_LANGUAGE_STANDARD = gnu99;
				GCC_DYNAMIC_NO_PIC = NO;
				GCC_ENABLE_OBJC_EXCEPTIONS = YES;
				GCC_OPTIMIZATION_LEVEL = 0;
				GCC_PREPROCESSOR_DEFINITIONS = (
					"DEBUG=1",
					"$(inherited)",
				);
				GCC_SYMBOLS_PRIVATE_EXTERN = NO;
				GCC_WARN_64_TO_32_BIT_CONVERSION = YES;
				GCC_WARN_ABOUT_RETURN_TYPE = YES;
				GCC_WARN_UNINITIALIZED_AUTOS = YES;
				GCC_WARN_UNUSED_VARIABLE = YES;
				HEADER_SEARCH_PATHS = (
					/opt/local/include,
					/opt/local/include/libxml2,
					"/opt/local/include/glib-2.0",
					"/opt/local/lib/glib-2.0/include",
					"/opt/local/include/gstreamer-0.10",
					/opt/local/include/opencv,
				);
				LIBRARY_SEARCH_PATHS = /opt/local/lib;
				MACOSX_DEPLOYMENT_TARGET = 10.7;
				ONLY_ACTIVE_ARCH = YES;
				OTHER_CFLAGS = "-D_REENTRANT";
				SDKROOT = macosx;
				VALID_ARCHS = x86_64;
			};
			name = Debug;
		};
		54891E4016B22C65004C9D59 /* Release */ = {
			isa = XCBuildConfiguration;
			buildSettings = {
				ALWAYS_SEARCH_USER_PATHS = NO;
				ARCHS = "$(ARCHS_STANDARD_64_BIT)";
				CLANG_CXX_LANGUAGE_STANDARD = "gnu++0x";
				CLANG_CXX_LIBRARY = "libc++";
				CLANG_WARN_EMPTY_BODY = YES;
				CLANG_WARN__DUPLICATE_METHOD_MATCH = YES;
				COPY_PHASE_STRIP = YES;
				DEBUG_INFORMATION_FORMAT = "dwarf-with-dsym";
				GCC_C_LANGUAGE_STANDARD = gnu99;
				GCC_ENABLE_OBJC_EXCEPTIONS = YES;
				GCC_WARN_64_TO_32_BIT_CONVERSION = YES;
				GCC_WARN_ABOUT_RETURN_TYPE = YES;
				GCC_WARN_UNINITIALIZED_AUTOS = YES;
				GCC_WARN_UNUSED_VARIABLE = YES;
				HEADER_SEARCH_PATHS = (
					/opt/local/include,
					/opt/local/include/libxml2,
					"/opt/local/include/glib-2.0",
					"/opt/local/lib/glib-2.0/include",
					"/opt/local/include/gstreamer-0.10",
					/opt/local/include/opencv,
				);
				LIBRARY_SEARCH_PATHS = /opt/local/lib;
				MACOSX_DEPLOYMENT_TARGET = 10.7;
				OTHER_CFLAGS = "-D_REENTRANT";
				SDKROOT = macosx;
				VALID_ARCHS = x86_64;
			};
			name = Release;
		};
		54891E4216B22C65004C9D59 /* Debug */ = {
			isa = XCBuildConfiguration;
			buildSettings = {
				HEADER_SEARCH_PATHS = (
					/opt/local/include,
					/opt/local/include/libxml2,
					"/opt/local/include/glib-2.0",
					"/opt/local/lib/glib-2.0/include",
					"/opt/local/include/gstreamer-0.10",
					"/opt/local/include/gdk-pixbuf-2.0",
					/opt/local/include/opencv,
				);
				LIBRARY_SEARCH_PATHS = (
					"$(inherited)",
					/opt/local/lib,
				);
				PRODUCT_NAME = "$(TARGET_NAME)";
			};
			name = Debug;
		};
		54891E4316B22C65004C9D59 /* Release */ = {
			isa = XCBuildConfiguration;
			buildSettings = {
				HEADER_SEARCH_PATHS = (
					/opt/local/include,
					/opt/local/include/libxml2,
					"/opt/local/include/glib-2.0",
					"/opt/local/lib/glib-2.0/include",
					"/opt/local/include/gstreamer-0.10",
					"/opt/local/include/gdk-pixbuf-2.0",
					/opt/local/include/opencv,
				);
				LIBRARY_SEARCH_PATHS = (
					"$(inherited)",
					/opt/local/lib,
				);
				PRODUCT_NAME = "$(TARGET_NAME)";
			};
			name = Release;
		};
/* End XCBuildConfiguration section */

/* Begin XCConfigurationList section */
		54891E3116B22C65004C9D59 /* Build configuration list for PBXProject "gst_appsrc" */ = {
			isa = XCConfigurationList;
			buildConfigurations = (
				54891E3F16B22C65004C9D59 /* Debug */,
				54891E4016B22C65004C9D59 /* Release */,
			);
			defaultConfigurationIsVisible = 0;
			defaultConfigurationName = Release;
		};
		54891E4116B22C65004C9D59 /* Build configuration list for PBXNativeTarget "gst_appsrc" */ = {
			isa = XCConfigurationList;
			buildConfigurations = (
				54891E4216B22C65004C9D59 /* Debug */,
				54891E4316B22C65004C9D59 /* Release */,
			);
			defaultConfigurationIsVisible = 0;
			defaultConfigurationName = Release;
		};
/* End XCConfigurationList section */
	};
	rootObject = 54891E2E16B22C65004C9D59 /* Project object */;
}
